// !$*UTF8*$!
{
	archiveVersion = 1;
	classes = {
	};
	objectVersion = 56;
	objects = {

/* Begin PBXBuildFile section */
		6309B0262C3AEB90002D981B /* MetalPrefixSumApp.swift in Sources */ = {isa = PBXBuildFile; fileRef = 6309B0252C3AEB90002D981B /* MetalPrefixSumApp.swift */; };
		6309B0282C3AEB90002D981B /* ContentView.swift in Sources */ = {isa = PBXBuildFile; fileRef = 6309B0272C3AEB90002D981B /* ContentView.swift */; };
		6309B02A2C3AEB91002D981B /* Assets.xcassets in Resources */ = {isa = PBXBuildFile; fileRef = 6309B0292C3AEB91002D981B /* Assets.xcassets */; };
		6309B02D2C3AEB91002D981B /* Preview Assets.xcassets in Resources */ = {isa = PBXBuildFile; fileRef = 6309B02C2C3AEB91002D981B /* Preview Assets.xcassets */; };
		6309B0382C3AEB91002D981B /* MetalPrefixSumTests.swift in Sources */ = {isa = PBXBuildFile; fileRef = 6309B0372C3AEB91002D981B /* MetalPrefixSumTests.swift */; };
		6309B0422C3AEB91002D981B /* MetalPrefixSumUITests.swift in Sources */ = {isa = PBXBuildFile; fileRef = 6309B0412C3AEB91002D981B /* MetalPrefixSumUITests.swift */; };
		6309B0442C3AEB91002D981B /* MetalPrefixSumUITestsLaunchTests.swift in Sources */ = {isa = PBXBuildFile; fileRef = 6309B0432C3AEB91002D981B /* MetalPrefixSumUITestsLaunchTests.swift */; };
		6309B0512C3AEC14002D981B /* PrefixSum.swift in Sources */ = {isa = PBXBuildFile; fileRef = 6309B0502C3AEC14002D981B /* PrefixSum.swift */; };
		6309B0532C3AED83002D981B /* PrefixSum.metal in Sources */ = {isa = PBXBuildFile; fileRef = 6309B0522C3AED83002D981B /* PrefixSum.metal */; };
/* End PBXBuildFile section */

/* Begin PBXContainerItemProxy section */
		6309B0342C3AEB91002D981B /* PBXContainerItemProxy */ = {
			isa = PBXContainerItemProxy;
			containerPortal = 6309B01A2C3AEB90002D981B /* Project object */;
			proxyType = 1;
			remoteGlobalIDString = 6309B0212C3AEB90002D981B;
			remoteInfo = MetalPrefixSum;
		};
		6309B03E2C3AEB91002D981B /* PBXContainerItemProxy */ = {
			isa = PBXContainerItemProxy;
			containerPortal = 6309B01A2C3AEB90002D981B /* Project object */;
			proxyType = 1;
			remoteGlobalIDString = 6309B0212C3AEB90002D981B;
			remoteInfo = MetalPrefixSum;
		};
/* End PBXContainerItemProxy section */

/* Begin PBXFileReference section */
		6309B0222C3AEB90002D981B /* MetalPrefixSum.app */ = {isa = PBXFileReference; explicitFileType = wrapper.application; includeInIndex = 0; path = MetalPrefixSum.app; sourceTree = BUILT_PRODUCTS_DIR; };
		6309B0252C3AEB90002D981B /* MetalPrefixSumApp.swift */ = {isa = PBXFileReference; lastKnownFileType = sourcecode.swift; path = MetalPrefixSumApp.swift; sourceTree = "<group>"; };
		6309B0272C3AEB90002D981B /* ContentView.swift */ = {isa = PBXFileReference; lastKnownFileType = sourcecode.swift; path = ContentView.swift; sourceTree = "<group>"; };
		6309B0292C3AEB91002D981B /* Assets.xcassets */ = {isa = PBXFileReference; lastKnownFileType = folder.assetcatalog; path = Assets.xcassets; sourceTree = "<group>"; };
		6309B02C2C3AEB91002D981B /* Preview Assets.xcassets */ = {isa = PBXFileReference; lastKnownFileType = folder.assetcatalog; path = "Preview Assets.xcassets"; sourceTree = "<group>"; };
		6309B02E2C3AEB91002D981B /* MetalPrefixSum.entitlements */ = {isa = PBXFileReference; lastKnownFileType = text.plist.entitlements; path = MetalPrefixSum.entitlements; sourceTree = "<group>"; };
		6309B0332C3AEB91002D981B /* MetalPrefixSumTests.xctest */ = {isa = PBXFileReference; explicitFileType = wrapper.cfbundle; includeInIndex = 0; path = MetalPrefixSumTests.xctest; sourceTree = BUILT_PRODUCTS_DIR; };
		6309B0372C3AEB91002D981B /* MetalPrefixSumTests.swift */ = {isa = PBXFileReference; lastKnownFileType = sourcecode.swift; path = MetalPrefixSumTests.swift; sourceTree = "<group>"; };
		6309B03D2C3AEB91002D981B /* MetalPrefixSumUITests.xctest */ = {isa = PBXFileReference; explicitFileType = wrapper.cfbundle; includeInIndex = 0; path = MetalPrefixSumUITests.xctest; sourceTree = BUILT_PRODUCTS_DIR; };
		6309B0412C3AEB91002D981B /* MetalPrefixSumUITests.swift */ = {isa = PBXFileReference; lastKnownFileType = sourcecode.swift; path = MetalPrefixSumUITests.swift; sourceTree = "<group>"; };
		6309B0432C3AEB91002D981B /* MetalPrefixSumUITestsLaunchTests.swift */ = {isa = PBXFileReference; lastKnownFileType = sourcecode.swift; path = MetalPrefixSumUITestsLaunchTests.swift; sourceTree = "<group>"; };
		6309B0502C3AEC14002D981B /* PrefixSum.swift */ = {isa = PBXFileReference; lastKnownFileType = sourcecode.swift; path = PrefixSum.swift; sourceTree = "<group>"; };
		6309B0522C3AED83002D981B /* PrefixSum.metal */ = {isa = PBXFileReference; lastKnownFileType = sourcecode.metal; path = PrefixSum.metal; sourceTree = "<group>"; };
/* End PBXFileReference section */

/* Begin PBXFrameworksBuildPhase section */
		6309B01F2C3AEB90002D981B /* Frameworks */ = {
			isa = PBXFrameworksBuildPhase;
			buildActionMask = 2147483647;
			files = (
			);
			runOnlyForDeploymentPostprocessing = 0;
		};
		6309B0302C3AEB91002D981B /* Frameworks */ = {
			isa = PBXFrameworksBuildPhase;
			buildActionMask = 2147483647;
			files = (
			);
			runOnlyForDeploymentPostprocessing = 0;
		};
		6309B03A2C3AEB91002D981B /* Frameworks */ = {
			isa = PBXFrameworksBuildPhase;
			buildActionMask = 2147483647;
			files = (
			);
			runOnlyForDeploymentPostprocessing = 0;
		};
/* End PBXFrameworksBuildPhase section */

/* Begin PBXGroup section */
		6309B0192C3AEB90002D981B = {
			isa = PBXGroup;
			children = (
				6309B0242C3AEB90002D981B /* MetalPrefixSum */,
				6309B0362C3AEB91002D981B /* MetalPrefixSumTests */,
				6309B0402C3AEB91002D981B /* MetalPrefixSumUITests */,
				6309B0232C3AEB90002D981B /* Products */,
			);
			sourceTree = "<group>";
		};
		6309B0232C3AEB90002D981B /* Products */ = {
			isa = PBXGroup;
			children = (
				6309B0222C3AEB90002D981B /* MetalPrefixSum.app */,
				6309B0332C3AEB91002D981B /* MetalPrefixSumTests.xctest */,
				6309B03D2C3AEB91002D981B /* MetalPrefixSumUITests.xctest */,
			);
			name = Products;
			sourceTree = "<group>";
		};
		6309B0242C3AEB90002D981B /* MetalPrefixSum */ = {
			isa = PBXGroup;
			children = (
				6309B0252C3AEB90002D981B /* MetalPrefixSumApp.swift */,
				6309B0272C3AEB90002D981B /* ContentView.swift */,
				6309B0502C3AEC14002D981B /* PrefixSum.swift */,
				6309B0522C3AED83002D981B /* PrefixSum.metal */,
				6309B0292C3AEB91002D981B /* Assets.xcassets */,
				6309B02E2C3AEB91002D981B /* MetalPrefixSum.entitlements */,
				6309B02B2C3AEB91002D981B /* Preview Content */,
			);
			path = MetalPrefixSum;
			sourceTree = "<group>";
		};
		6309B02B2C3AEB91002D981B /* Preview Content */ = {
			isa = PBXGroup;
			children = (
				6309B02C2C3AEB91002D981B /* Preview Assets.xcassets */,
			);
			path = "Preview Content";
			sourceTree = "<group>";
		};
		6309B0362C3AEB91002D981B /* MetalPrefixSumTests */ = {
			isa = PBXGroup;
			children = (
				6309B0372C3AEB91002D981B /* MetalPrefixSumTests.swift */,
			);
			path = MetalPrefixSumTests;
			sourceTree = "<group>";
		};
		6309B0402C3AEB91002D981B /* MetalPrefixSumUITests */ = {
			isa = PBXGroup;
			children = (
				6309B0412C3AEB91002D981B /* MetalPrefixSumUITests.swift */,
				6309B0432C3AEB91002D981B /* MetalPrefixSumUITestsLaunchTests.swift */,
			);
			path = MetalPrefixSumUITests;
			sourceTree = "<group>";
		};
/* End PBXGroup section */

/* Begin PBXNativeTarget section */
		6309B0212C3AEB90002D981B /* MetalPrefixSum */ = {
			isa = PBXNativeTarget;
			buildConfigurationList = 6309B0472C3AEB91002D981B /* Build configuration list for PBXNativeTarget "MetalPrefixSum" */;
			buildPhases = (
				6309B01E2C3AEB90002D981B /* Sources */,
				6309B01F2C3AEB90002D981B /* Frameworks */,
				6309B0202C3AEB90002D981B /* Resources */,
			);
			buildRules = (
			);
			dependencies = (
			);
			name = MetalPrefixSum;
			productName = MetalPrefixSum;
			productReference = 6309B0222C3AEB90002D981B /* MetalPrefixSum.app */;
			productType = "com.apple.product-type.application";
		};
		6309B0322C3AEB91002D981B /* MetalPrefixSumTests */ = {
			isa = PBXNativeTarget;
			buildConfigurationList = 6309B04A2C3AEB91002D981B /* Build configuration list for PBXNativeTarget "MetalPrefixSumTests" */;
			buildPhases = (
				6309B02F2C3AEB91002D981B /* Sources */,
				6309B0302C3AEB91002D981B /* Frameworks */,
				6309B0312C3AEB91002D981B /* Resources */,
			);
			buildRules = (
			);
			dependencies = (
				6309B0352C3AEB91002D981B /* PBXTargetDependency */,
			);
			name = MetalPrefixSumTests;
			productName = MetalPrefixSumTests;
			productReference = 6309B0332C3AEB91002D981B /* MetalPrefixSumTests.xctest */;
			productType = "com.apple.product-type.bundle.unit-test";
		};
		6309B03C2C3AEB91002D981B /* MetalPrefixSumUITests */ = {
			isa = PBXNativeTarget;
			buildConfigurationList = 6309B04D2C3AEB91002D981B /* Build configuration list for PBXNativeTarget "MetalPrefixSumUITests" */;
			buildPhases = (
				6309B0392C3AEB91002D981B /* Sources */,
				6309B03A2C3AEB91002D981B /* Frameworks */,
				6309B03B2C3AEB91002D981B /* Resources */,
			);
			buildRules = (
			);
			dependencies = (
				6309B03F2C3AEB91002D981B /* PBXTargetDependency */,
			);
			name = MetalPrefixSumUITests;
			productName = MetalPrefixSumUITests;
			productReference = 6309B03D2C3AEB91002D981B /* MetalPrefixSumUITests.xctest */;
			productType = "com.apple.product-type.bundle.ui-testing";
		};
/* End PBXNativeTarget section */

/* Begin PBXProject section */
		6309B01A2C3AEB90002D981B /* Project object */ = {
			isa = PBXProject;
			attributes = {
				BuildIndependentTargetsInParallel = 1;
				LastSwiftUpdateCheck = 1540;
				LastUpgradeCheck = 1540;
				TargetAttributes = {
					6309B0212C3AEB90002D981B = {
						CreatedOnToolsVersion = 15.4;
					};
					6309B0322C3AEB91002D981B = {
						CreatedOnToolsVersion = 15.4;
						TestTargetID = 6309B0212C3AEB90002D981B;
					};
					6309B03C2C3AEB91002D981B = {
						CreatedOnToolsVersion = 15.4;
						TestTargetID = 6309B0212C3AEB90002D981B;
					};
				};
			};
			buildConfigurationList = 6309B01D2C3AEB90002D981B /* Build configuration list for PBXProject "MetalPrefixSum" */;
			compatibilityVersion = "Xcode 14.0";
			developmentRegion = en;
			hasScannedForEncodings = 0;
			knownRegions = (
				en,
				Base,
			);
			mainGroup = 6309B0192C3AEB90002D981B;
			productRefGroup = 6309B0232C3AEB90002D981B /* Products */;
			projectDirPath = "";
			projectRoot = "";
			targets = (
				6309B0212C3AEB90002D981B /* MetalPrefixSum */,
				6309B0322C3AEB91002D981B /* MetalPrefixSumTests */,
				6309B03C2C3AEB91002D981B /* MetalPrefixSumUITests */,
			);
		};
/* End PBXProject section */

/* Begin PBXResourcesBuildPhase section */
		6309B0202C3AEB90002D981B /* Resources */ = {
			isa = PBXResourcesBuildPhase;
			buildActionMask = 2147483647;
			files = (
				6309B02D2C3AEB91002D981B /* Preview Assets.xcassets in Resources */,
				6309B02A2C3AEB91002D981B /* Assets.xcassets in Resources */,
			);
			runOnlyForDeploymentPostprocessing = 0;
		};
		6309B0312C3AEB91002D981B /* Resources */ = {
			isa = PBXResourcesBuildPhase;
			buildActionMask = 2147483647;
			files = (
			);
			runOnlyForDeploymentPostprocessing = 0;
		};
		6309B03B2C3AEB91002D981B /* Resources */ = {
			isa = PBXResourcesBuildPhase;
			buildActionMask = 2147483647;
			files = (
			);
			runOnlyForDeploymentPostprocessing = 0;
		};
/* End PBXResourcesBuildPhase section */

/* Begin PBXSourcesBuildPhase section */
		6309B01E2C3AEB90002D981B /* Sources */ = {
			isa = PBXSourcesBuildPhase;
			buildActionMask = 2147483647;
			files = (
				6309B0282C3AEB90002D981B /* ContentView.swift in Sources */,
				6309B0512C3AEC14002D981B /* PrefixSum.swift in Sources */,
				6309B0262C3AEB90002D981B /* MetalPrefixSumApp.swift in Sources */,
				6309B0532C3AED83002D981B /* PrefixSum.metal in Sources */,
			);
			runOnlyForDeploymentPostprocessing = 0;
		};
		6309B02F2C3AEB91002D981B /* Sources */ = {
			isa = PBXSourcesBuildPhase;
			buildActionMask = 2147483647;
			files = (
				6309B0382C3AEB91002D981B /* MetalPrefixSumTests.swift in Sources */,
			);
			runOnlyForDeploymentPostprocessing = 0;
		};
		6309B0392C3AEB91002D981B /* Sources */ = {
			isa = PBXSourcesBuildPhase;
			buildActionMask = 2147483647;
			files = (
				6309B0442C3AEB91002D981B /* MetalPrefixSumUITestsLaunchTests.swift in Sources */,
				6309B0422C3AEB91002D981B /* MetalPrefixSumUITests.swift in Sources */,
			);
			runOnlyForDeploymentPostprocessing = 0;
		};
/* End PBXSourcesBuildPhase section */

/* Begin PBXTargetDependency section */
		6309B0352C3AEB91002D981B /* PBXTargetDependency */ = {
			isa = PBXTargetDependency;
			target = 6309B0212C3AEB90002D981B /* MetalPrefixSum */;
			targetProxy = 6309B0342C3AEB91002D981B /* PBXContainerItemProxy */;
		};
		6309B03F2C3AEB91002D981B /* PBXTargetDependency */ = {
			isa = PBXTargetDependency;
			target = 6309B0212C3AEB90002D981B /* MetalPrefixSum */;
			targetProxy = 6309B03E2C3AEB91002D981B /* PBXContainerItemProxy */;
		};
/* End PBXTargetDependency section */

/* Begin XCBuildConfiguration section */
		6309B0452C3AEB91002D981B /* Debug */ = {
			isa = XCBuildConfiguration;
			buildSettings = {
				ALWAYS_SEARCH_USER_PATHS = NO;
				ASSETCATALOG_COMPILER_GENERATE_SWIFT_ASSET_SYMBOL_EXTENSIONS = YES;
				CLANG_ANALYZER_NONNULL = YES;
				CLANG_ANALYZER_NUMBER_OBJECT_CONVERSION = YES_AGGRESSIVE;
				CLANG_CXX_LANGUAGE_STANDARD = "gnu++20";
				CLANG_ENABLE_MODULES = YES;
				CLANG_ENABLE_OBJC_ARC = YES;
				CLANG_ENABLE_OBJC_WEAK = YES;
				CLANG_WARN_BLOCK_CAPTURE_AUTORELEASING = YES;
				CLANG_WARN_BOOL_CONVERSION = YES;
				CLANG_WARN_COMMA = YES;
				CLANG_WARN_CONSTANT_CONVERSION = YES;
				CLANG_WARN_DEPRECATED_OBJC_IMPLEMENTATIONS = YES;
				CLANG_WARN_DIRECT_OBJC_ISA_USAGE = YES_ERROR;
				CLANG_WARN_DOCUMENTATION_COMMENTS = YES;
				CLANG_WARN_EMPTY_BODY = YES;
				CLANG_WARN_ENUM_CONVERSION = YES;
				CLANG_WARN_INFINITE_RECURSION = YES;
				CLANG_WARN_INT_CONVERSION = YES;
				CLANG_WARN_NON_LITERAL_NULL_CONVERSION = YES;
				CLANG_WARN_OBJC_IMPLICIT_RETAIN_SELF = YES;
				CLANG_WARN_OBJC_LITERAL_CONVERSION = YES;
				CLANG_WARN_OBJC_ROOT_CLASS = YES_ERROR;
				CLANG_WARN_QUOTED_INCLUDE_IN_FRAMEWORK_HEADER = YES;
				CLANG_WARN_RANGE_LOOP_ANALYSIS = YES;
				CLANG_WARN_STRICT_PROTOTYPES = YES;
				CLANG_WARN_SUSPICIOUS_MOVE = YES;
				CLANG_WARN_UNGUARDED_AVAILABILITY = YES_AGGRESSIVE;
				CLANG_WARN_UNREACHABLE_CODE = YES;
				CLANG_WARN__DUPLICATE_METHOD_MATCH = YES;
				COPY_PHASE_STRIP = NO;
				DEBUG_INFORMATION_FORMAT = dwarf;
				ENABLE_STRICT_OBJC_MSGSEND = YES;
				ENABLE_TESTABILITY = YES;
				ENABLE_USER_SCRIPT_SANDBOXING = YES;
				GCC_C_LANGUAGE_STANDARD = gnu17;
				GCC_DYNAMIC_NO_PIC = NO;
				GCC_NO_COMMON_BLOCKS = YES;
				GCC_OPTIMIZATION_LEVEL = 0;
				GCC_PREPROCESSOR_DEFINITIONS = (
					"DEBUG=1",
					"$(inherited)",
				);
				GCC_WARN_64_TO_32_BIT_CONVERSION = YES;
				GCC_WARN_ABOUT_RETURN_TYPE = YES_ERROR;
				GCC_WARN_UNDECLARED_SELECTOR = YES;
				GCC_WARN_UNINITIALIZED_AUTOS = YES_AGGRESSIVE;
				GCC_WARN_UNUSED_FUNCTION = YES;
				GCC_WARN_UNUSED_VARIABLE = YES;
				LOCALIZATION_PREFERS_STRING_CATALOGS = YES;
				MACOSX_DEPLOYMENT_TARGET = 14.5;
				MTL_ENABLE_DEBUG_INFO = INCLUDE_SOURCE;
				MTL_FAST_MATH = YES;
				ONLY_ACTIVE_ARCH = YES;
				SDKROOT = macosx;
				SWIFT_ACTIVE_COMPILATION_CONDITIONS = "DEBUG $(inherited)";
				SWIFT_OPTIMIZATION_LEVEL = "-Onone";
			};
			name = Debug;
		};
		6309B0462C3AEB91002D981B /* Release */ = {
			isa = XCBuildConfiguration;
			buildSettings = {
				ALWAYS_SEARCH_USER_PATHS = NO;
				ASSETCATALOG_COMPILER_GENERATE_SWIFT_ASSET_SYMBOL_EXTENSIONS = YES;
				CLANG_ANALYZER_NONNULL = YES;
				CLANG_ANALYZER_NUMBER_OBJECT_CONVERSION = YES_AGGRESSIVE;
				CLANG_CXX_LANGUAGE_STANDARD = "gnu++20";
				CLANG_ENABLE_MODULES = YES;
				CLANG_ENABLE_OBJC_ARC = YES;
				CLANG_ENABLE_OBJC_WEAK = YES;
				CLANG_WARN_BLOCK_CAPTURE_AUTORELEASING = YES;
				CLANG_WARN_BOOL_CONVERSION = YES;
				CLANG_WARN_COMMA = YES;
				CLANG_WARN_CONSTANT_CONVERSION = YES;
				CLANG_WARN_DEPRECATED_OBJC_IMPLEMENTATIONS = YES;
				CLANG_WARN_DIRECT_OBJC_ISA_USAGE = YES_ERROR;
				CLANG_WARN_DOCUMENTATION_COMMENTS = YES;
				CLANG_WARN_EMPTY_BODY = YES;
				CLANG_WARN_ENUM_CONVERSION = YES;
				CLANG_WARN_INFINITE_RECURSION = YES;
				CLANG_WARN_INT_CONVERSION = YES;
				CLANG_WARN_NON_LITERAL_NULL_CONVERSION = YES;
				CLANG_WARN_OBJC_IMPLICIT_RETAIN_SELF = YES;
				CLANG_WARN_OBJC_LITERAL_CONVERSION = YES;
				CLANG_WARN_OBJC_ROOT_CLASS = YES_ERROR;
				CLANG_WARN_QUOTED_INCLUDE_IN_FRAMEWORK_HEADER = YES;
				CLANG_WARN_RANGE_LOOP_ANALYSIS = YES;
				CLANG_WARN_STRICT_PROTOTYPES = YES;
				CLANG_WARN_SUSPICIOUS_MOVE = YES;
				CLANG_WARN_UNGUARDED_AVAILABILITY = YES_AGGRESSIVE;
				CLANG_WARN_UNREACHABLE_CODE = YES;
				CLANG_WARN__DUPLICATE_METHOD_MATCH = YES;
				COPY_PHASE_STRIP = NO;
				DEBUG_INFORMATION_FORMAT = "dwarf-with-dsym";
				ENABLE_NS_ASSERTIONS = NO;
				ENABLE_STRICT_OBJC_MSGSEND = YES;
				ENABLE_USER_SCRIPT_SANDBOXING = YES;
				GCC_C_LANGUAGE_STANDARD = gnu17;
				GCC_NO_COMMON_BLOCKS = YES;
				GCC_WARN_64_TO_32_BIT_CONVERSION = YES;
				GCC_WARN_ABOUT_RETURN_TYPE = YES_ERROR;
				GCC_WARN_UNDECLARED_SELECTOR = YES;
				GCC_WARN_UNINITIALIZED_AUTOS = YES_AGGRESSIVE;
				GCC_WARN_UNUSED_FUNCTION = YES;
				GCC_WARN_UNUSED_VARIABLE = YES;
				LOCALIZATION_PREFERS_STRING_CATALOGS = YES;
				MACOSX_DEPLOYMENT_TARGET = 14.5;
				MTL_ENABLE_DEBUG_INFO = NO;
				MTL_FAST_MATH = YES;
				SDKROOT = macosx;
				SWIFT_COMPILATION_MODE = wholemodule;
			};
			name = Release;
		};
		6309B0482C3AEB91002D981B /* Debug */ = {
			isa = XCBuildConfiguration;
			buildSettings = {
				ASSETCATALOG_COMPILER_APPICON_NAME = AppIcon;
				ASSETCATALOG_COMPILER_GLOBAL_ACCENT_COLOR_NAME = AccentColor;
				CODE_SIGN_ENTITLEMENTS = MetalPrefixSum/MetalPrefixSum.entitlements;
				CODE_SIGN_STYLE = Automatic;
				COMBINE_HIDPI_IMAGES = YES;
				CURRENT_PROJECT_VERSION = 1;
				DEVELOPMENT_ASSET_PATHS = "\"MetalPrefixSum/Preview Content\"";
				DEVELOPMENT_TEAM = 9K689XE65M;
				ENABLE_HARDENED_RUNTIME = YES;
				ENABLE_PREVIEWS = YES;
				GENERATE_INFOPLIST_FILE = YES;
				INFOPLIST_KEY_NSHumanReadableCopyright = "";
				LD_RUNPATH_SEARCH_PATHS = (
					"$(inherited)",
					"@executable_path/../Frameworks",
				);
				MARKETING_VERSION = 1.0;
				PRODUCT_BUNDLE_IDENTIFIER = is.dave.MetalPrefixSum;
				PRODUCT_NAME = "$(TARGET_NAME)";
				SWIFT_EMIT_LOC_STRINGS = YES;
				SWIFT_VERSION = 5.0;
			};
			name = Debug;
		};
		6309B0492C3AEB91002D981B /* Release */ = {
			isa = XCBuildConfiguration;
			buildSettings = {
				ASSETCATALOG_COMPILER_APPICON_NAME = AppIcon;
				ASSETCATALOG_COMPILER_GLOBAL_ACCENT_COLOR_NAME = AccentColor;
				CODE_SIGN_ENTITLEMENTS = MetalPrefixSum/MetalPrefixSum.entitlements;
				CODE_SIGN_STYLE = Automatic;
				COMBINE_HIDPI_IMAGES = YES;
				CURRENT_PROJECT_VERSION = 1;
				DEVELOPMENT_ASSET_PATHS = "\"MetalPrefixSum/Preview Content\"";
				DEVELOPMENT_TEAM = 9K689XE65M;
				ENABLE_HARDENED_RUNTIME = YES;
				ENABLE_PREVIEWS = YES;
				GENERATE_INFOPLIST_FILE = YES;
				INFOPLIST_KEY_NSHumanReadableCopyright = "";
				LD_RUNPATH_SEARCH_PATHS = (
					"$(inherited)",
					"@executable_path/../Frameworks",
				);
				MARKETING_VERSION = 1.0;
				PRODUCT_BUNDLE_IDENTIFIER = is.dave.MetalPrefixSum;
				PRODUCT_NAME = "$(TARGET_NAME)";
				SWIFT_EMIT_LOC_STRINGS = YES;
				SWIFT_VERSION = 5.0;
			};
			name = Release;
		};
		6309B04B2C3AEB91002D981B /* Debug */ = {
			isa = XCBuildConfiguration;
			buildSettings = {
				ALWAYS_EMBED_SWIFT_STANDARD_LIBRARIES = YES;
				BUNDLE_LOADER = "$(TEST_HOST)";
				CODE_SIGN_STYLE = Automatic;
				CURRENT_PROJECT_VERSION = 1;
				DEVELOPMENT_TEAM = 9K689XE65M;
				GENERATE_INFOPLIST_FILE = YES;
				MACOSX_DEPLOYMENT_TARGET = 14.5;
				MARKETING_VERSION = 1.0;
				PRODUCT_BUNDLE_IDENTIFIER = is.dave.MetalPrefixSumTests;
				PRODUCT_NAME = "$(TARGET_NAME)";
				SWIFT_EMIT_LOC_STRINGS = NO;
				SWIFT_VERSION = 5.0;
				TEST_HOST = "$(BUILT_PRODUCTS_DIR)/MetalPrefixSum.app/$(BUNDLE_EXECUTABLE_FOLDER_PATH)/MetalPrefixSum";
			};
			name = Debug;
		};
		6309B04C2C3AEB91002D981B /* Release */ = {
			isa = XCBuildConfiguration;
			buildSettings = {
				ALWAYS_EMBED_SWIFT_STANDARD_LIBRARIES = YES;
				BUNDLE_LOADER = "$(TEST_HOST)";
				CODE_SIGN_STYLE = Automatic;
				CURRENT_PROJECT_VERSION = 1;
				DEVELOPMENT_TEAM = 9K689XE65M;
				GENERATE_INFOPLIST_FILE = YES;
				MACOSX_DEPLOYMENT_TARGET = 14.5;
				MARKETING_VERSION = 1.0;
				PRODUCT_BUNDLE_IDENTIFIER = is.dave.MetalPrefixSumTests;
				PRODUCT_NAME = "$(TARGET_NAME)";
				SWIFT_EMIT_LOC_STRINGS = NO;
				SWIFT_VERSION = 5.0;
				TEST_HOST = "$(BUILT_PRODUCTS_DIR)/MetalPrefixSum.app/$(BUNDLE_EXECUTABLE_FOLDER_PATH)/MetalPrefixSum";
			};
			name = Release;
		};
		6309B04E2C3AEB91002D981B /* Debug */ = {
			isa = XCBuildConfiguration;
			buildSettings = {
				ALWAYS_EMBED_SWIFT_STANDARD_LIBRARIES = YES;
				CODE_SIGN_STYLE = Automatic;
				CURRENT_PROJECT_VERSION = 1;
				DEVELOPMENT_TEAM = 9K689XE65M;
				GENERATE_INFOPLIST_FILE = YES;
				MARKETING_VERSION = 1.0;
				PRODUCT_BUNDLE_IDENTIFIER = is.dave.MetalPrefixSumUITests;
				PRODUCT_NAME = "$(TARGET_NAME)";
				SWIFT_EMIT_LOC_STRINGS = NO;
				SWIFT_VERSION = 5.0;
				TEST_TARGET_NAME = MetalPrefixSum;
			};
			name = Debug;
		};
		6309B04F2C3AEB91002D981B /* Release */ = {
			isa = XCBuildConfiguration;
			buildSettings = {
				ALWAYS_EMBED_SWIFT_STANDARD_LIBRARIES = YES;
				CODE_SIGN_STYLE = Automatic;
				CURRENT_PROJECT_VERSION = 1;
				DEVELOPMENT_TEAM = 9K689XE65M;
				GENERATE_INFOPLIST_FILE = YES;
				MARKETING_VERSION = 1.0;
				PRODUCT_BUNDLE_IDENTIFIER = is.dave.MetalPrefixSumUITests;
				PRODUCT_NAME = "$(TARGET_NAME)";
				SWIFT_EMIT_LOC_STRINGS = NO;
				SWIFT_VERSION = 5.0;
				TEST_TARGET_NAME = MetalPrefixSum;
			};
			name = Release;
		};
/* End XCBuildConfiguration section */

/* Begin XCConfigurationList section */
		6309B01D2C3AEB90002D981B /* Build configuration list for PBXProject "MetalPrefixSum" */ = {
			isa = XCConfigurationList;
			buildConfigurations = (
				6309B0452C3AEB91002D981B /* Debug */,
				6309B0462C3AEB91002D981B /* Release */,
			);
			defaultConfigurationIsVisible = 0;
			defaultConfigurationName = Release;
		};
		6309B0472C3AEB91002D981B /* Build configuration list for PBXNativeTarget "MetalPrefixSum" */ = {
			isa = XCConfigurationList;
			buildConfigurations = (
				6309B0482C3AEB91002D981B /* Debug */,
				6309B0492C3AEB91002D981B /* Release */,
			);
			defaultConfigurationIsVisible = 0;
			defaultConfigurationName = Release;
		};
		6309B04A2C3AEB91002D981B /* Build configuration list for PBXNativeTarget "MetalPrefixSumTests" */ = {
			isa = XCConfigurationList;
			buildConfigurations = (
				6309B04B2C3AEB91002D981B /* Debug */,
				6309B04C2C3AEB91002D981B /* Release */,
			);
			defaultConfigurationIsVisible = 0;
			defaultConfigurationName = Release;
		};
		6309B04D2C3AEB91002D981B /* Build configuration list for PBXNativeTarget "MetalPrefixSumUITests" */ = {
			isa = XCConfigurationList;
			buildConfigurations = (
				6309B04E2C3AEB91002D981B /* Debug */,
				6309B04F2C3AEB91002D981B /* Release */,
			);
			defaultConfigurationIsVisible = 0;
			defaultConfigurationName = Release;
		};
/* End XCConfigurationList section */
	};
	rootObject = 6309B01A2C3AEB90002D981B /* Project object */;
}
